
Microsoft Visual Studio Solution File, Format Version 12.00
# Visual Studio Version 17
VisualStudioVersion = 17.14.36915.13
MinimumVisualStudioVersion = 10.0.40219.1
Project("{2150E333-8FDC-42A3-9474-1A3956D46DE8}") = "src", "src", "{8BC9CEB8-8B4A-11D0-8D11-00A0C91BC942}"
EndProject
Project("{2150E333-8FDC-42A3-9474-1A3956D46DE8}") = "samples", "samples", "{A7C9E4B5-8B4A-11D0-8D11-00A0C91BC942}"
EndProject
Project("{2150E333-8FDC-42A3-9474-1A3956D46DE8}") = "tests", "tests", "{B8D9F5C6-8B4A-11D0-8D11-00A0C91BC942}"
EndProject
Project("{2150E333-8FDC-42A3-9474-1A3956D46DE8}") = "Solution Items", "Solution Items", "{C9EAF6D7-8B4A-11D0-8D11-00A0C91BC942}"
	ProjectSection(SolutionItems) = preProject
		.editorconfig = .editorconfig
		.gitignore = .gitignore
		CHANGELOG.md = CHANGELOG.md
		Directory.Build.props = Directory.Build.props
		LICENSE = LICENSE
		README.md = README.md
	EndProjectSection
EndProject
Project("{FAE04EC0-301F-11D3-BF4B-00C04F79EFBC}") = "SyncSession.Core", "src\SyncSession.Core\SyncSession.Core.csproj", "{D0F1E2A3-8B4A-11D0-8D11-00A0C91BC942}"
EndProject
Project("{FAE04EC0-301F-11D3-BF4B-00C04F79EFBC}") = "SyncSession.Server", "src\SyncSession.Server\SyncSession.Server.csproj", "{FC084E61-6D01-49D0-B630-66461DFA2ED9}"
EndProject
Project("{FAE04EC0-301F-11D3-BF4B-00C04F79EFBC}") = "SyncSession.Server.Host", "src\SyncSession.Server.Host\SyncSession.Server.Host.csproj", "{E1F2A3B4-C5D6-4E7F-8A9B-0C1D2E3F4A5B}"
EndProject
Project("{FAE04EC0-301F-11D3-BF4B-00C04F79EFBC}") = "SyncSession.Client", "src\SyncSession.Client\SyncSession.Client.csproj", "{42182333-41FC-48A5-9864-591722A150A8}"
EndProject
Project("{FAE04EC0-301F-11D3-BF4B-00C04F79EFBC}") = "SyncSession.Console.Client", "samples\SyncSession.Console.Client\SyncSession.Console.Client.csproj", "{609C851B-08E4-43FA-9610-BAA6D669B2D1}"
EndProject
Project("{FAE04EC0-301F-11D3-BF4B-00C04F79EFBC}") = "SyncSession.Samples.Shared", "samples\SyncSession.Samples.Shared\SyncSession.Samples.Shared.csproj", "{7A8B9C0D-1E2F-3A4B-5C6D-7E8F9A0B1C2D}"
EndProject
Project("{FAE04EC0-301F-11D3-BF4B-00C04F79EFBC}") = "SyncSession.Desktop.Avalonia", "samples\SyncSession.Desktop.Avalonia\SyncSession.Desktop.Avalonia.csproj", "{54687E79-7676-4D6D-922D-CE62237620D3}"
EndProject
Project("{FAE04EC0-301F-11D3-BF4B-00C04F79EFBC}") = "SyncSession.UnitTests", "tests\SyncSession.UnitTests\SyncSession.UnitTests.csproj", "{B62124F5-6013-4000-9612-7B86ACC1E608}"
EndProject
Project("{FAE04EC0-301F-11D3-BF4B-00C04F79EFBC}") = "SyncSession.IntegrationTests", "tests\SyncSession.IntegrationTests\SyncSession.IntegrationTests.csproj", "{D67AEAFF-20B3-4C1E-A911-023A123237E4}"
EndProject
Project("{FAE04EC0-301F-11D3-BF4B-00C04F79EFBC}") = "SyncSession.Benchmarks", "tests\SyncSession.Benchmarks\SyncSession.Benchmarks.csproj", "{D2C608C6-486A-4453-96FF-D17CA548CD37}"
EndProject
Project("{FAE04EC0-301F-11D3-BF4B-00C04F79EFBC}") = "SyncSession.Tools", "src\SyncSession.Tools\SyncSession.Tools.csproj", "{674501A7-5EFC-4466-9D6B-F54EC4DBB441}"
EndProject
Global
	GlobalSection(SolutionConfigurationPlatforms) = preSolution
		Debug|Any CPU = Debug|Any CPU
		Debug|x64 = Debug|x64
		Debug|x86 = Debug|x86
		Release|Any CPU = Release|Any CPU
		Release|x64 = Release|x64
		Release|x86 = Release|x86
	EndGlobalSection
	GlobalSection(ProjectConfigurationPlatforms) = postSolution
		{D0F1E2A3-8B4A-11D0-8D11-00A0C91BC942}.Debug|Any CPU.ActiveCfg = Debug|Any CPU
		{D0F1E2A3-8B4A-11D0-8D11-00A0C91BC942}.Debug|Any CPU.Build.0 = Debug|Any CPU
		{D0F1E2A3-8B4A-11D0-8D11-00A0C91BC942}.Debug|x64.ActiveCfg = Debug|Any CPU
		{D0F1E2A3-8B4A-11D0-8D11-00A0C91BC942}.Debug|x64.Build.0 = Debug|Any CPU
		{D0F1E2A3-8B4A-11D0-8D11-00A0C91BC942}.Debug|x86.ActiveCfg = Debug|Any CPU
		{D0F1E2A3-8B4A-11D0-8D11-00A0C91BC942}.Debug|x86.Build.0 = Debug|Any CPU
		{D0F1E2A3-8B4A-11D0-8D11-00A0C91BC942}.Release|Any CPU.ActiveCfg = Release|Any CPU
		{D0F1E2A3-8B4A-11D0-8D11-00A0C91BC942}.Release|Any CPU.Build.0 = Release|Any CPU
		{D0F1E2A3-8B4A-11D0-8D11-00A0C91BC942}.Release|x64.ActiveCfg = Release|Any CPU
		{D0F1E2A3-8B4A-11D0-8D11-00A0C91BC942}.Release|x64.Build.0 = Release|Any CPU
		{D0F1E2A3-8B4A-11D0-8D11-00A0C91BC942}.Release|x86.ActiveCfg = Release|Any CPU
		{D0F1E2A3-8B4A-11D0-8D11-00A0C91BC942}.Release|x86.Build.0 = Release|Any CPU
		{FC084E61-6D01-49D0-B630-66461DFA2ED9}.Debug|Any CPU.ActiveCfg = Debug|Any CPU
		{FC084E61-6D01-49D0-B630-66461DFA2ED9}.Debug|Any CPU.Build.0 = Debug|Any CPU
		{FC084E61-6D01-49D0-B630-66461DFA2ED9}.Debug|x64.ActiveCfg = Debug|Any CPU
		{FC084E61-6D01-49D0-B630-66461DFA2ED9}.Debug|x64.Build.0 = Debug|Any CPU
		{FC084E61-6D01-49D0-B630-66461DFA2ED9}.Debug|x86.ActiveCfg = Debug|Any CPU
		{FC084E61-6D01-49D0-B630-66461DFA2ED9}.Debug|x86.Build.0 = Debug|Any CPU
		{FC084E61-6D01-49D0-B630-66461DFA2ED9}.Release|Any CPU.ActiveCfg = Release|Any CPU
		{FC084E61-6D01-49D0-B630-66461DFA2ED9}.Release|Any CPU.Build.0 = Release|Any CPU
		{FC084E61-6D01-49D0-B630-66461DFA2ED9}.Release|x64.ActiveCfg = Release|Any CPU
		{FC084E61-6D01-49D0-B630-66461DFA2ED9}.Release|x64.Build.0 = Release|Any CPU
		{FC084E61-6D01-49D0-B630-66461DFA2ED9}.Release|x86.ActiveCfg = Release|Any CPU
		{FC084E61-6D01-49D0-B630-66461DFA2ED9}.Release|x86.Build.0 = Release|Any CPU
		{E1F2A3B4-C5D6-4E7F-8A9B-0C1D2E3F4A5B}.Debug|Any CPU.ActiveCfg = Debug|Any CPU
		{E1F2A3B4-C5D6-4E7F-8A9B-0C1D2E3F4A5B}.Debug|Any CPU.Build.0 = Debug|Any CPU
		{E1F2A3B4-C5D6-4E7F-8A9B-0C1D2E3F4A5B}.Debug|x64.ActiveCfg = Debug|Any CPU
		{E1F2A3B4-C5D6-4E7F-8A9B-0C1D2E3F4A5B}.Debug|x64.Build.0 = Debug|Any CPU
		{E1F2A3B4-C5D6-4E7F-8A9B-0C1D2E3F4A5B}.Debug|x86.ActiveCfg = Debug|Any CPU
		{E1F2A3B4-C5D6-4E7F-8A9B-0C1D2E3F4A5B}.Debug|x86.Build.0 = Debug|Any CPU
		{E1F2A3B4-C5D6-4E7F-8A9B-0C1D2E3F4A5B}.Release|Any CPU.ActiveCfg = Release|Any CPU
		{E1F2A3B4-C5D6-4E7F-8A9B-0C1D2E3F4A5B}.Release|Any CPU.Build.0 = Release|Any CPU
		{E1F2A3B4-C5D6-4E7F-8A9B-0C1D2E3F4A5B}.Release|x64.ActiveCfg = Release|Any CPU
		{E1F2A3B4-C5D6-4E7F-8A9B-0C1D2E3F4A5B}.Release|x64.Build.0 = Release|Any CPU
		{E1F2A3B4-C5D6-4E7F-8A9B-0C1D2E3F4A5B}.Release|x86.ActiveCfg = Release|Any CPU
		{E1F2A3B4-C5D6-4E7F-8A9B-0C1D2E3F4A5B}.Release|x86.Build.0 = Release|Any CPU
		{42182333-41FC-48A5-9864-591722A150A8}.Debug|Any CPU.ActiveCfg = Debug|Any CPU
		{42182333-41FC-48A5-9864-591722A150A8}.Debug|Any CPU.Build.0 = Debug|Any CPU
		{42182333-41FC-48A5-9864-591722A150A8}.Debug|x64.ActiveCfg = Debug|Any CPU
		{42182333-41FC-48A5-9864-591722A150A8}.Debug|x64.Build.0 = Debug|Any CPU
		{42182333-41FC-48A5-9864-591722A150A8}.Debug|x86.ActiveCfg = Debug|Any CPU
		{42182333-41FC-48A5-9864-591722A150A8}.Debug|x86.Build.0 = Debug|Any CPU
		{42182333-41FC-48A5-9864-591722A150A8}.Release|Any CPU.ActiveCfg = Release|Any CPU
		{42182333-41FC-48A5-9864-591722A150A8}.Release|Any CPU.Build.0 = Release|Any CPU
		{42182333-41FC-48A5-9864-591722A150A8}.Release|x64.ActiveCfg = Release|Any CPU
		{42182333-41FC-48A5-9864-591722A150A8}.Release|x64.Build.0 = Release|Any CPU
		{42182333-41FC-48A5-9864-591722A150A8}.Release|x86.ActiveCfg = Release|Any CPU
		{42182333-41FC-48A5-9864-591722A150A8}.Release|x86.Build.0 = Release|Any CPU
		{609C851B-08E4-43FA-9610-BAA6D669B2D1}.Debug|Any CPU.ActiveCfg = Debug|Any CPU
		{609C851B-08E4-43FA-9610-BAA6D669B2D1}.Debug|Any CPU.Build.0 = Debug|Any CPU
		{609C851B-08E4-43FA-9610-BAA6D669B2D1}.Debug|x64.ActiveCfg = Debug|Any CPU
		{609C851B-08E4-43FA-9610-BAA6D669B2D1}.Debug|x64.Build.0 = Debug|Any CPU
		{609C851B-08E4-43FA-9610-BAA6D669B2D1}.Debug|x86.ActiveCfg = Debug|Any CPU
		{609C851B-08E4-43FA-9610-BAA6D669B2D1}.Debug|x86.Build.0 = Debug|Any CPU
		{609C851B-08E4-43FA-9610-BAA6D669B2D1}.Release|Any CPU.ActiveCfg = Release|Any CPU
		{609C851B-08E4-43FA-9610-BAA6D669B2D1}.Release|Any CPU.Build.0 = Release|Any CPU
		{609C851B-08E4-43FA-9610-BAA6D669B2D1}.Release|x64.ActiveCfg = Release|Any CPU
		{609C851B-08E4-43FA-9610-BAA6D669B2D1}.Release|x64.Build.0 = Release|Any CPU
		{609C851B-08E4-43FA-9610-BAA6D669B2D1}.Release|x86.ActiveCfg = Release|Any CPU
		{609C851B-08E4-43FA-9610-BAA6D669B2D1}.Release|x86.Build.0 = Release|Any CPU
		{7A8B9C0D-1E2F-3A4B-5C6D-7E8F9A0B1C2D}.Debug|Any CPU.ActiveCfg = Debug|Any CPU
		{7A8B9C0D-1E2F-3A4B-5C6D-7E8F9A0B1C2D}.Debug|Any CPU.Build.0 = Debug|Any CPU
		{7A8B9C0D-1E2F-3A4B-5C6D-7E8F9A0B1C2D}.Debug|x64.ActiveCfg = Debug|Any CPU
		{7A8B9C0D-1E2F-3A4B-5C6D-7E8F9A0B1C2D}.Debug|x64.Build.0 = Debug|Any CPU
		{7A8B9C0D-1E2F-3A4B-5C6D-7E8F9A0B1C2D}.Debug|x86.ActiveCfg = Debug|Any CPU
		{7A8B9C0D-1E2F-3A4B-5C6D-7E8F9A0B1C2D}.Debug|x86.Build.0 = Debug|Any CPU
		{7A8B9C0D-1E2F-3A4B-5C6D-7E8F9A0B1C2D}.Release|Any CPU.ActiveCfg = Release|Any CPU
		{7A8B9C0D-1E2F-3A4B-5C6D-7E8F9A0B1C2D}.Release|Any CPU.Build.0 = Release|Any CPU
		{7A8B9C0D-1E2F-3A4B-5C6D-7E8F9A0B1C2D}.Release|x64.ActiveCfg = Release|Any CPU
		{7A8B9C0D-1E2F-3A4B-5C6D-7E8F9A0B1C2D}.Release|x64.Build.0 = Release|Any CPU
		{7A8B9C0D-1E2F-3A4B-5C6D-7E8F9A0B1C2D}.Release|x86.ActiveCfg = Release|Any CPU
		{7A8B9C0D-1E2F-3A4B-5C6D-7E8F9A0B1C2D}.Release|x86.Build.0 = Release|Any CPU
		{54687E79-7676-4D6D-922D-CE62237620D3}.Debug|Any CPU.ActiveCfg = Debug|Any CPU
		{54687E79-7676-4D6D-922D-CE62237620D3}.Debug|Any CPU.Build.0 = Debug|Any CPU
		{54687E79-7676-4D6D-922D-CE62237620D3}.Debug|x64.ActiveCfg = Debug|Any CPU
		{54687E79-7676-4D6D-922D-CE62237620D3}.Debug|x64.Build.0 = Debug|Any CPU
		{54687E79-7676-4D6D-922D-CE62237620D3}.Debug|x86.ActiveCfg = Debug|Any CPU
		{54687E79-7676-4D6D-922D-CE62237620D3}.Debug|x86.Build.0 = Debug|Any CPU
		{54687E79-7676-4D6D-922D-CE62237620D3}.Release|Any CPU.ActiveCfg = Release|Any CPU
		{54687E79-7676-4D6D-922D-CE62237620D3}.Release|Any CPU.Build.0 = Release|Any CPU
		{54687E79-7676-4D6D-922D-CE62237620D3}.Release|x64.ActiveCfg = Release|Any CPU
		{54687E79-7676-4D6D-922D-CE62237620D3}.Release|x64.Build.0 = Release|Any CPU
		{54687E79-7676-4D6D-922D-CE62237620D3}.Release|x86.ActiveCfg = Release|Any CPU
		{54687E79-7676-4D6D-922D-CE62237620D3}.Release|x86.Build.0 = Release|Any CPU
		{B62124F5-6013-4000-9612-7B86ACC1E608}.Debug|Any CPU.ActiveCfg = Debug|Any CPU
		{B62124F5-6013-4000-9612-7B86ACC1E608}.Debug|Any CPU.Build.0 = Debug|Any CPU
		{B62124F5-6013-4000-9612-7B86ACC1E608}.Debug|x64.ActiveCfg = Debug|Any CPU
		{B62124F5-6013-4000-9612-7B86ACC1E608}.Debug|x64.Build.0 = Debug|Any CPU
		{B62124F5-6013-4000-9612-7B86ACC1E608}.Debug|x86.ActiveCfg = Debug|Any CPU
		{B62124F5-6013-4000-9612-7B86ACC1E608}.Debug|x86.Build.0 = Debug|Any CPU
		{B62124F5-6013-4000-9612-7B86ACC1E608}.Release|Any CPU.ActiveCfg = Release|Any CPU
		{B62124F5-6013-4000-9612-7B86ACC1E608}.Release|Any CPU.Build.0 = Release|Any CPU
		{B62124F5-6013-4000-9612-7B86ACC1E608}.Release|x64.ActiveCfg = Release|Any CPU
		{B62124F5-6013-4000-9612-7B86ACC1E608}.Release|x64.Build.0 = Release|Any CPU
		{B62124F5-6013-4000-9612-7B86ACC1E608}.Release|x86.ActiveCfg = Release|Any CPU
		{B62124F5-6013-4000-9612-7B86ACC1E608}.Release|x86.Build.0 = Release|Any CPU
		{D67AEAFF-20B3-4C1E-A911-023A123237E4}.Debug|Any CPU.ActiveCfg = Debug|Any CPU
		{D67AEAFF-20B3-4C1E-A911-023A123237E4}.Debug|Any CPU.Build.0 = Debug|Any CPU
		{D67AEAFF-20B3-4C1E-A911-023A123237E4}.Debug|x64.ActiveCfg = Debug|Any CPU
		{D67AEAFF-20B3-4C1E-A911-023A123237E4}.Debug|x64.Build.0 = Debug|Any CPU
		{D67AEAFF-20B3-4C1E-A911-023A123237E4}.Debug|x86.ActiveCfg = Debug|Any CPU
		{D67AEAFF-20B3-4C1E-A911-023A123237E4}.Debug|x86.Build.0 = Debug|Any CPU
		{D67AEAFF-20B3-4C1E-A911-023A123237E4}.Release|Any CPU.ActiveCfg = Release|Any CPU
		{D67AEAFF-20B3-4C1E-A911-023A123237E4}.Release|Any CPU.Build.0 = Release|Any CPU
		{D67AEAFF-20B3-4C1E-A911-023A123237E4}.Release|x64.ActiveCfg = Release|Any CPU
		{D67AEAFF-20B3-4C1E-A911-023A123237E4}.Release|x64.Build.0 = Release|Any CPU
		{D67AEAFF-20B3-4C1E-A911-023A123237E4}.Release|x86.ActiveCfg = Release|Any CPU
		{D67AEAFF-20B3-4C1E-A911-023A123237E4}.Release|x86.Build.0 = Release|Any CPU
		{D2C608C6-486A-4453-96FF-D17CA548CD37}.Debug|Any CPU.ActiveCfg = Debug|Any CPU
		{D2C608C6-486A-4453-96FF-D17CA548CD37}.Debug|Any CPU.Build.0 = Debug|Any CPU
		{D2C608C6-486A-4453-96FF-D17CA548CD37}.Debug|x64.ActiveCfg = Debug|Any CPU
		{D2C608C6-486A-4453-96FF-D17CA548CD37}.Debug|x64.Build.0 = Debug|Any CPU
		{D2C608C6-486A-4453-96FF-D17CA548CD37}.Debug|x86.ActiveCfg = Debug|Any CPU
		{D2C608C6-486A-4453-96FF-D17CA548CD37}.Debug|x86.Build.0 = Debug|Any CPU
		{D2C608C6-486A-4453-96FF-D17CA548CD37}.Release|Any CPU.ActiveCfg = Release|Any CPU
		{D2C608C6-486A-4453-96FF-D17CA548CD37}.Release|Any CPU.Build.0 = Release|Any CPU
		{D2C608C6-486A-4453-96FF-D17CA548CD37}.Release|x64.ActiveCfg = Release|Any CPU
		{D2C608C6-486A-4453-96FF-D17CA548CD37}.Release|x64.Build.0 = Release|Any CPU
		{D2C608C6-486A-4453-96FF-D17CA548CD37}.Release|x86.ActiveCfg = Release|Any CPU
		{D2C608C6-486A-4453-96FF-D17CA548CD37}.Release|x86.Build.0 = Release|Any CPU
		{674501A7-5EFC-4466-9D6B-F54EC4DBB441}.Debug|Any CPU.ActiveCfg = Debug|Any CPU
		{674501A7-5EFC-4466-9D6B-F54EC4DBB441}.Debug|Any CPU.Build.0 = Debug|Any CPU
		{674501A7-5EFC-4466-9D6B-F54EC4DBB441}.Debug|x64.ActiveCfg = Debug|Any CPU
		{674501A7-5EFC-4466-9D6B-F54EC4DBB441}.Debug|x64.Build.0 = Debug|Any CPU
		{674501A7-5EFC-4466-9D6B-F54EC4DBB441}.Debug|x86.ActiveCfg = Debug|Any CPU
		{674501A7-5EFC-4466-9D6B-F54EC4DBB441}.Debug|x86.Build.0 = Debug|Any CPU
		{674501A7-5EFC-4466-9D6B-F54EC4DBB441}.Release|Any CPU.ActiveCfg = Release|Any CPU
		{674501A7-5EFC-4466-9D6B-F54EC4DBB441}.Release|Any CPU.Build.0 = Release|Any CPU
		{674501A7-5EFC-4466-9D6B-F54EC4DBB441}.Release|x64.ActiveCfg = Release|Any CPU
		{674501A7-5EFC-4466-9D6B-F54EC4DBB441}.Release|x64.Build.0 = Release|Any CPU
		{674501A7-5EFC-4466-9D6B-F54EC4DBB441}.Release|x86.ActiveCfg = Release|Any CPU
		{674501A7-5EFC-4466-9D6B-F54EC4DBB441}.Release|x86.Build.0 = Release|Any CPU
	EndGlobalSection
	GlobalSection(SolutionProperties) = preSolution
		HideSolutionNode = FALSE
	EndGlobalSection
	GlobalSection(NestedProjects) = preSolution
		{D0F1E2A3-8B4A-11D0-8D11-00A0C91BC942} = {8BC9CEB8-8B4A-11D0-8D11-00A0C91BC942}
		{FC084E61-6D01-49D0-B630-66461DFA2ED9} = {8BC9CEB8-8B4A-11D0-8D11-00A0C91BC942}
		{E1F2A3B4-C5D6-4E7F-8A9B-0C1D2E3F4A5B} = {8BC9CEB8-8B4A-11D0-8D11-00A0C91BC942}
		{42182333-41FC-48A5-9864-591722A150A8} = {8BC9CEB8-8B4A-11D0-8D11-00A0C91BC942}
		{609C851B-08E4-43FA-9610-BAA6D669B2D1} = {A7C9E4B5-8B4A-11D0-8D11-00A0C91BC942}
		{7A8B9C0D-1E2F-3A4B-5C6D-7E8F9A0B1C2D} = {A7C9E4B5-8B4A-11D0-8D11-00A0C91BC942}
		{54687E79-7676-4D6D-922D-CE62237620D3} = {A7C9E4B5-8B4A-11D0-8D11-00A0C91BC942}
		{B62124F5-6013-4000-9612-7B86ACC1E608} = {B8D9F5C6-8B4A-11D0-8D11-00A0C91BC942}
		{D67AEAFF-20B3-4C1E-A911-023A123237E4} = {B8D9F5C6-8B4A-11D0-8D11-00A0C91BC942}
		{D2C608C6-486A-4453-96FF-D17CA548CD37} = {B8D9F5C6-8B4A-11D0-8D11-00A0C91BC942}
		{674501A7-5EFC-4466-9D6B-F54EC4DBB441} = {8BC9CEB8-8B4A-11D0-8D11-00A0C91BC942}
	EndGlobalSection
	GlobalSection(ExtensibilityGlobals) = postSolution
		SolutionGuid = {CE6AD8D4-3921-4BC5-B11C-FE3C11EAC962}
	EndGlobalSection
EndGlobal
